// !$*UTF8*$!
{
	archiveVersion = 1;
	classes = {
	};
	objectVersion = 50;
	objects = {

/* Begin PBXBuildFile section */
		834C799424672CBD00A70C14 /* StatisticVC.swift in Sources */ = {isa = PBXBuildFile; fileRef = 834C799324672CBD00A70C14 /* StatisticVC.swift */; };
		838F1BA12465DB95006A12D8 /* StringExtensions.swift in Sources */ = {isa = PBXBuildFile; fileRef = 838F1BA02465DB95006A12D8 /* StringExtensions.swift */; };
		838F1BA324668EA2006A12D8 /* EasyStrategy.swift in Sources */ = {isa = PBXBuildFile; fileRef = 838F1BA224668EA2006A12D8 /* EasyStrategy.swift */; };
		838F1BA5246692FC006A12D8 /* UIViewControllerExtensions.swift in Sources */ = {isa = PBXBuildFile; fileRef = 838F1BA4246692FC006A12D8 /* UIViewControllerExtensions.swift */; };
		838F1BA72466BC15006A12D8 /* TwoPlayersStrategy.swift in Sources */ = {isa = PBXBuildFile; fileRef = 838F1BA62466BC15006A12D8 /* TwoPlayersStrategy.swift */; };
		838F1BA92466BC43006A12D8 /* UIAplicationExtensions.swift in Sources */ = {isa = PBXBuildFile; fileRef = 838F1BA82466BC43006A12D8 /* UIAplicationExtensions.swift */; };
		839F131124633A4000354A7B /* AppDelegate.swift in Sources */ = {isa = PBXBuildFile; fileRef = 839F131024633A4000354A7B /* AppDelegate.swift */; };
		839F131324633A4000354A7B /* SceneDelegate.swift in Sources */ = {isa = PBXBuildFile; fileRef = 839F131224633A4000354A7B /* SceneDelegate.swift */; };
		839F131524633A4000354A7B /* RootVC.swift in Sources */ = {isa = PBXBuildFile; fileRef = 839F131424633A4000354A7B /* RootVC.swift */; };
		839F131824633A4000354A7B /* Main.storyboard in Resources */ = {isa = PBXBuildFile; fileRef = 839F131624633A4000354A7B /* Main.storyboard */; };
		839F131A24633A4200354A7B /* Assets.xcassets in Resources */ = {isa = PBXBuildFile; fileRef = 839F131924633A4200354A7B /* Assets.xcassets */; };
		839F131D24633A4200354A7B /* LaunchScreen.storyboard in Resources */ = {isa = PBXBuildFile; fileRef = 839F131B24633A4200354A7B /* LaunchScreen.storyboard */; };
		839F135524646C3300354A7B /* CustomButton.swift in Sources */ = {isa = PBXBuildFile; fileRef = 839F135424646C3300354A7B /* CustomButton.swift */; };
		839F1357246474D200354A7B /* Categories.json in Resources */ = {isa = PBXBuildFile; fileRef = 839F1356246474D200354A7B /* Categories.json */; };
		839F135B246476CF00354A7B /* Category.swift in Sources */ = {isa = PBXBuildFile; fileRef = 839F1359246476CF00354A7B /* Category.swift */; };
		839F135C246476CF00354A7B /* Word.swift in Sources */ = {isa = PBXBuildFile; fileRef = 839F135A246476CF00354A7B /* Word.swift */; };
		839F135F24647A2A00354A7B /* Hangman.xcdatamodeld in Sources */ = {isa = PBXBuildFile; fileRef = 839F135D24647A2A00354A7B /* Hangman.xcdatamodeld */; };
		839F13692464858D00354A7B /* CategoryCD+CoreDataClass.swift in Sources */ = {isa = PBXBuildFile; fileRef = 839F13652464858D00354A7B /* CategoryCD+CoreDataClass.swift */; };
		839F136A2464858D00354A7B /* CategoryCD+CoreDataProperties.swift in Sources */ = {isa = PBXBuildFile; fileRef = 839F13662464858D00354A7B /* CategoryCD+CoreDataProperties.swift */; };
		839F136B2464858D00354A7B /* WordCD+CoreDataClass.swift in Sources */ = {isa = PBXBuildFile; fileRef = 839F13672464858D00354A7B /* WordCD+CoreDataClass.swift */; };
		839F136C2464858D00354A7B /* WordCD+CoreDataProperties.swift in Sources */ = {isa = PBXBuildFile; fileRef = 839F13682464858D00354A7B /* WordCD+CoreDataProperties.swift */; };
		839F136E2464878700354A7B /* CoreDataStack.swift in Sources */ = {isa = PBXBuildFile; fileRef = 839F136D2464878700354A7B /* CoreDataStack.swift */; };
		839F13702465A0A200354A7B /* CategoryVC.swift in Sources */ = {isa = PBXBuildFile; fileRef = 839F136F2465A0A200354A7B /* CategoryVC.swift */; };
		839F13742465A3C700354A7B /* CollectionViewCell.swift in Sources */ = {isa = PBXBuildFile; fileRef = 839F13722465A3C700354A7B /* CollectionViewCell.swift */; };
		839F13752465A3C700354A7B /* CollectionViewCell.xib in Resources */ = {isa = PBXBuildFile; fileRef = 839F13732465A3C700354A7B /* CollectionViewCell.xib */; };
		839F13782465A95800354A7B /* OnePlayer.storyboard in Resources */ = {isa = PBXBuildFile; fileRef = 839F13762465A95800354A7B /* OnePlayer.storyboard */; };
		839F13852465B82000354A7B /* GameStorage.swift in Sources */ = {isa = PBXBuildFile; fileRef = 839F13842465B82000354A7B /* GameStorage.swift */; };
		839F13892465C53500354A7B /* GameVC.swift in Sources */ = {isa = PBXBuildFile; fileRef = 839F13882465C53500354A7B /* GameVC.swift */; };
		839F138C2465C90D00354A7B /* GuessingStrategy.swift in Sources */ = {isa = PBXBuildFile; fileRef = 839F138B2465C90D00354A7B /* GuessingStrategy.swift */; };
		839F138E2465C97200354A7B /* NormalStrategy.swift in Sources */ = {isa = PBXBuildFile; fileRef = 839F138D2465C97200354A7B /* NormalStrategy.swift */; };
/* End PBXBuildFile section */

/* Begin PBXFileReference section */
		834C799324672CBD00A70C14 /* StatisticVC.swift */ = {isa = PBXFileReference; fileEncoding = 4; lastKnownFileType = sourcecode.swift; path = StatisticVC.swift; sourceTree = "<group>"; };
		838F1BA02465DB95006A12D8 /* StringExtensions.swift */ = {isa = PBXFileReference; fileEncoding = 4; lastKnownFileType = sourcecode.swift; path = StringExtensions.swift; sourceTree = "<group>"; };
		838F1BA224668EA2006A12D8 /* EasyStrategy.swift */ = {isa = PBXFileReference; lastKnownFileType = sourcecode.swift; path = EasyStrategy.swift; sourceTree = "<group>"; };
		838F1BA4246692FC006A12D8 /* UIViewControllerExtensions.swift */ = {isa = PBXFileReference; fileEncoding = 4; lastKnownFileType = sourcecode.swift; path = UIViewControllerExtensions.swift; sourceTree = "<group>"; };
		838F1BA62466BC15006A12D8 /* TwoPlayersStrategy.swift */ = {isa = PBXFileReference; fileEncoding = 4; lastKnownFileType = sourcecode.swift; path = TwoPlayersStrategy.swift; sourceTree = "<group>"; };
		838F1BA82466BC43006A12D8 /* UIAplicationExtensions.swift */ = {isa = PBXFileReference; fileEncoding = 4; lastKnownFileType = sourcecode.swift; path = UIAplicationExtensions.swift; sourceTree = "<group>"; };
		839F130D24633A4000354A7B /* Hangman.app */ = {isa = PBXFileReference; explicitFileType = wrapper.application; includeInIndex = 0; path = Hangman.app; sourceTree = BUILT_PRODUCTS_DIR; };
		839F131024633A4000354A7B /* AppDelegate.swift */ = {isa = PBXFileReference; lastKnownFileType = sourcecode.swift; path = AppDelegate.swift; sourceTree = "<group>"; };
		839F131224633A4000354A7B /* SceneDelegate.swift */ = {isa = PBXFileReference; lastKnownFileType = sourcecode.swift; path = SceneDelegate.swift; sourceTree = "<group>"; };
		839F131424633A4000354A7B /* RootVC.swift */ = {isa = PBXFileReference; lastKnownFileType = sourcecode.swift; path = RootVC.swift; sourceTree = "<group>"; };
		839F131724633A4000354A7B /* Base */ = {isa = PBXFileReference; lastKnownFileType = file.storyboard; name = Base; path = Base.lproj/Main.storyboard; sourceTree = "<group>"; };
		839F131924633A4200354A7B /* Assets.xcassets */ = {isa = PBXFileReference; lastKnownFileType = folder.assetcatalog; path = Assets.xcassets; sourceTree = "<group>"; };
		839F131C24633A4200354A7B /* Base */ = {isa = PBXFileReference; lastKnownFileType = file.storyboard; name = Base; path = Base.lproj/LaunchScreen.storyboard; sourceTree = "<group>"; };
		839F131E24633A4200354A7B /* Info.plist */ = {isa = PBXFileReference; lastKnownFileType = text.plist.xml; path = Info.plist; sourceTree = "<group>"; };
		839F135424646C3300354A7B /* CustomButton.swift */ = {isa = PBXFileReference; fileEncoding = 4; lastKnownFileType = sourcecode.swift; path = CustomButton.swift; sourceTree = "<group>"; };
		839F1356246474D200354A7B /* Categories.json */ = {isa = PBXFileReference; fileEncoding = 4; lastKnownFileType = text.json; path = Categories.json; sourceTree = "<group>"; };
		839F1359246476CF00354A7B /* Category.swift */ = {isa = PBXFileReference; fileEncoding = 4; lastKnownFileType = sourcecode.swift; path = Category.swift; sourceTree = "<group>"; };
		839F135A246476CF00354A7B /* Word.swift */ = {isa = PBXFileReference; fileEncoding = 4; lastKnownFileType = sourcecode.swift; path = Word.swift; sourceTree = "<group>"; };
		839F135E24647A2A00354A7B /* Hangman.xcdatamodel */ = {isa = PBXFileReference; lastKnownFileType = wrapper.xcdatamodel; path = Hangman.xcdatamodel; sourceTree = "<group>"; };
		839F13652464858D00354A7B /* CategoryCD+CoreDataClass.swift */ = {isa = PBXFileReference; lastKnownFileType = sourcecode.swift; path = "CategoryCD+CoreDataClass.swift"; sourceTree = SOURCE_ROOT; };
		839F13662464858D00354A7B /* CategoryCD+CoreDataProperties.swift */ = {isa = PBXFileReference; lastKnownFileType = sourcecode.swift; path = "CategoryCD+CoreDataProperties.swift"; sourceTree = SOURCE_ROOT; };
		839F13672464858D00354A7B /* WordCD+CoreDataClass.swift */ = {isa = PBXFileReference; lastKnownFileType = sourcecode.swift; path = "WordCD+CoreDataClass.swift"; sourceTree = SOURCE_ROOT; };
		839F13682464858D00354A7B /* WordCD+CoreDataProperties.swift */ = {isa = PBXFileReference; lastKnownFileType = sourcecode.swift; path = "WordCD+CoreDataProperties.swift"; sourceTree = SOURCE_ROOT; };
		839F136D2464878700354A7B /* CoreDataStack.swift */ = {isa = PBXFileReference; lastKnownFileType = sourcecode.swift; path = CoreDataStack.swift; sourceTree = "<group>"; };
		839F136F2465A0A200354A7B /* CategoryVC.swift */ = {isa = PBXFileReference; fileEncoding = 4; lastKnownFileType = sourcecode.swift; path = CategoryVC.swift; sourceTree = "<group>"; };
		839F13722465A3C700354A7B /* CollectionViewCell.swift */ = {isa = PBXFileReference; fileEncoding = 4; lastKnownFileType = sourcecode.swift; path = CollectionViewCell.swift; sourceTree = "<group>"; };
		839F13732465A3C700354A7B /* CollectionViewCell.xib */ = {isa = PBXFileReference; fileEncoding = 4; lastKnownFileType = file.xib; path = CollectionViewCell.xib; sourceTree = "<group>"; };
		839F13772465A95800354A7B /* Base */ = {isa = PBXFileReference; lastKnownFileType = file.storyboard; name = Base; path = Base.lproj/OnePlayer.storyboard; sourceTree = "<group>"; };
		839F13842465B82000354A7B /* GameStorage.swift */ = {isa = PBXFileReference; lastKnownFileType = sourcecode.swift; path = GameStorage.swift; sourceTree = "<group>"; };
		839F13882465C53500354A7B /* GameVC.swift */ = {isa = PBXFileReference; fileEncoding = 4; lastKnownFileType = sourcecode.swift; path = GameVC.swift; sourceTree = "<group>"; };
		839F138B2465C90D00354A7B /* GuessingStrategy.swift */ = {isa = PBXFileReference; fileEncoding = 4; lastKnownFileType = sourcecode.swift; path = GuessingStrategy.swift; sourceTree = "<group>"; };
		839F138D2465C97200354A7B /* NormalStrategy.swift */ = {isa = PBXFileReference; fileEncoding = 4; lastKnownFileType = sourcecode.swift; path = NormalStrategy.swift; sourceTree = "<group>"; };
/* End PBXFileReference section */

/* Begin PBXFrameworksBuildPhase section */
		839F130A24633A4000354A7B /* Frameworks */ = {
			isa = PBXFrameworksBuildPhase;
			buildActionMask = 2147483647;
			files = (
			);
			runOnlyForDeploymentPostprocessing = 0;
		};
/* End PBXFrameworksBuildPhase section */

/* Begin PBXGroup section */
		838F1B9F2465DB4F006A12D8 /* CustomExtensions */ = {
			isa = PBXGroup;
			children = (
				838F1BA02465DB95006A12D8 /* StringExtensions.swift */,
				838F1BA4246692FC006A12D8 /* UIViewControllerExtensions.swift */,
				838F1BA82466BC43006A12D8 /* UIAplicationExtensions.swift */,
			);
			path = CustomExtensions;
			sourceTree = "<group>";
		};
		839F130424633A4000354A7B = {
			isa = PBXGroup;
			children = (
				839F130F24633A4000354A7B /* Hangman */,
				839F130E24633A4000354A7B /* Products */,
			);
			sourceTree = "<group>";
		};
		839F130E24633A4000354A7B /* Products */ = {
			isa = PBXGroup;
			children = (
				839F130D24633A4000354A7B /* Hangman.app */,
			);
			name = Products;
			sourceTree = "<group>";
		};
		839F130F24633A4000354A7B /* Hangman */ = {
			isa = PBXGroup;
			children = (
				838F1B9F2465DB4F006A12D8 /* CustomExtensions */,
				839F132424633A4F00354A7B /* AppDelegate */,
				839F132524633A6000354A7B /* Controllers */,
				839F13642464854A00354A7B /* CoreData */,
				839F135224646C1300354A7B /* CustomClasses */,
				839F1358246476BF00354A7B /* Model */,
				839F132724633A9500354A7B /* Resources */,
				839F138A2465C8E700354A7B /* Strategies */,
				839F132624633A8A00354A7B /* Views */,
			);
			path = Hangman;
			sourceTree = "<group>";
		};
		839F132424633A4F00354A7B /* AppDelegate */ = {
			isa = PBXGroup;
			children = (
				839F131024633A4000354A7B /* AppDelegate.swift */,
				839F131224633A4000354A7B /* SceneDelegate.swift */,
			);
			path = AppDelegate;
			sourceTree = "<group>";
		};
		839F132524633A6000354A7B /* Controllers */ = {
			isa = PBXGroup;
			children = (
				839F13882465C53500354A7B /* GameVC.swift */,
				839F131424633A4000354A7B /* RootVC.swift */,
				839F136F2465A0A200354A7B /* CategoryVC.swift */,
				834C799324672CBD00A70C14 /* StatisticVC.swift */,
			);
			path = Controllers;
			sourceTree = "<group>";
		};
		839F132624633A8A00354A7B /* Views */ = {
			isa = PBXGroup;
			children = (
				839F13762465A95800354A7B /* OnePlayer.storyboard */,
				839F13712465A3B300354A7B /* CategoryViewCell */,
				839F131624633A4000354A7B /* Main.storyboard */,
				839F131B24633A4200354A7B /* LaunchScreen.storyboard */,
			);
			path = Views;
			sourceTree = "<group>";
		};
		839F132724633A9500354A7B /* Resources */ = {
			isa = PBXGroup;
			children = (
				839F131924633A4200354A7B /* Assets.xcassets */,
				839F1356246474D200354A7B /* Categories.json */,
				839F131E24633A4200354A7B /* Info.plist */,
				839F135D24647A2A00354A7B /* Hangman.xcdatamodeld */,
			);
			path = Resources;
			sourceTree = "<group>";
		};
		839F135224646C1300354A7B /* CustomClasses */ = {
			isa = PBXGroup;
			children = (
				839F13832465B80E00354A7B /* HelperClasses */,
				839F135324646C2300354A7B /* UIClasses */,
			);
			path = CustomClasses;
			sourceTree = "<group>";
		};
		839F135324646C2300354A7B /* UIClasses */ = {
			isa = PBXGroup;
			children = (
				839F135424646C3300354A7B /* CustomButton.swift */,
			);
			path = UIClasses;
			sourceTree = "<group>";
		};
		839F1358246476BF00354A7B /* Model */ = {
			isa = PBXGroup;
			children = (
				839F1359246476CF00354A7B /* Category.swift */,
				839F135A246476CF00354A7B /* Word.swift */,
			);
			path = Model;
			sourceTree = "<group>";
		};
		839F13642464854A00354A7B /* CoreData */ = {
			isa = PBXGroup;
			children = (
				839F13652464858D00354A7B /* CategoryCD+CoreDataClass.swift */,
				839F13662464858D00354A7B /* CategoryCD+CoreDataProperties.swift */,
				839F13672464858D00354A7B /* WordCD+CoreDataClass.swift */,
				839F13682464858D00354A7B /* WordCD+CoreDataProperties.swift */,
				839F136D2464878700354A7B /* CoreDataStack.swift */,
			);
			path = CoreData;
			sourceTree = "<group>";
		};
		839F13712465A3B300354A7B /* CategoryViewCell */ = {
			isa = PBXGroup;
			children = (
				839F13722465A3C700354A7B /* CollectionViewCell.swift */,
				839F13732465A3C700354A7B /* CollectionViewCell.xib */,
			);
			path = CategoryViewCell;
			sourceTree = "<group>";
		};
		839F13832465B80E00354A7B /* HelperClasses */ = {
			isa = PBXGroup;
			children = (
				839F13842465B82000354A7B /* GameStorage.swift */,
			);
			path = HelperClasses;
			sourceTree = "<group>";
		};
		839F138A2465C8E700354A7B /* Strategies */ = {
			isa = PBXGroup;
			children = (
				839F138B2465C90D00354A7B /* GuessingStrategy.swift */,
				838F1BA62466BC15006A12D8 /* TwoPlayersStrategy.swift */,
				839F138D2465C97200354A7B /* NormalStrategy.swift */,
				838F1BA224668EA2006A12D8 /* EasyStrategy.swift */,
			);
			path = Strategies;
			sourceTree = "<group>";
		};
/* End PBXGroup section */

/* Begin PBXNativeTarget section */
		839F130C24633A4000354A7B /* Hangman */ = {
			isa = PBXNativeTarget;
			buildConfigurationList = 839F132124633A4200354A7B /* Build configuration list for PBXNativeTarget "Hangman" */;
			buildPhases = (
				839F130924633A4000354A7B /* Sources */,
				839F130A24633A4000354A7B /* Frameworks */,
				839F130B24633A4000354A7B /* Resources */,
			);
			buildRules = (
			);
			dependencies = (
			);
			name = Hangman;
			productName = Hangman;
			productReference = 839F130D24633A4000354A7B /* Hangman.app */;
			productType = "com.apple.product-type.application";
		};
/* End PBXNativeTarget section */

/* Begin PBXProject section */
		839F130524633A4000354A7B /* Project object */ = {
			isa = PBXProject;
			attributes = {
				LastSwiftUpdateCheck = 1140;
				LastUpgradeCheck = 1140;
				ORGANIZATIONNAME = "Veljko Milosevic";
				TargetAttributes = {
					839F130C24633A4000354A7B = {
						CreatedOnToolsVersion = 11.4.1;
					};
				};
			};
			buildConfigurationList = 839F130824633A4000354A7B /* Build configuration list for PBXProject "Hangman" */;
			compatibilityVersion = "Xcode 9.3";
			developmentRegion = en;
			hasScannedForEncodings = 0;
			knownRegions = (
				en,
				Base,
			);
			mainGroup = 839F130424633A4000354A7B;
			productRefGroup = 839F130E24633A4000354A7B /* Products */;
			projectDirPath = "";
			projectRoot = "";
			targets = (
				839F130C24633A4000354A7B /* Hangman */,
			);
		};
/* End PBXProject section */

/* Begin PBXResourcesBuildPhase section */
		839F130B24633A4000354A7B /* Resources */ = {
			isa = PBXResourcesBuildPhase;
			buildActionMask = 2147483647;
			files = (
				839F131D24633A4200354A7B /* LaunchScreen.storyboard in Resources */,
				839F1357246474D200354A7B /* Categories.json in Resources */,
				839F131A24633A4200354A7B /* Assets.xcassets in Resources */,
				839F131824633A4000354A7B /* Main.storyboard in Resources */,
				839F13782465A95800354A7B /* OnePlayer.storyboard in Resources */,
				839F13752465A3C700354A7B /* CollectionViewCell.xib in Resources */,
			);
			runOnlyForDeploymentPostprocessing = 0;
		};
/* End PBXResourcesBuildPhase section */

/* Begin PBXSourcesBuildPhase section */
		839F130924633A4000354A7B /* Sources */ = {
			isa = PBXSourcesBuildPhase;
			buildActionMask = 2147483647;
			files = (
				839F135524646C3300354A7B /* CustomButton.swift in Sources */,
				839F138E2465C97200354A7B /* NormalStrategy.swift in Sources */,
				839F13852465B82000354A7B /* GameStorage.swift in Sources */,
				839F135B246476CF00354A7B /* Category.swift in Sources */,
				838F1BA72466BC15006A12D8 /* TwoPlayersStrategy.swift in Sources */,
				839F13692464858D00354A7B /* CategoryCD+CoreDataClass.swift in Sources */,
				839F136E2464878700354A7B /* CoreDataStack.swift in Sources */,
				838F1BA324668EA2006A12D8 /* EasyStrategy.swift in Sources */,
				839F131524633A4000354A7B /* RootVC.swift in Sources */,
				839F136B2464858D00354A7B /* WordCD+CoreDataClass.swift in Sources */,
				839F136C2464858D00354A7B /* WordCD+CoreDataProperties.swift in Sources */,
				839F13702465A0A200354A7B /* CategoryVC.swift in Sources */,
				839F138C2465C90D00354A7B /* GuessingStrategy.swift in Sources */,
				839F135F24647A2A00354A7B /* Hangman.xcdatamodeld in Sources */,
				838F1BA5246692FC006A12D8 /* UIViewControllerExtensions.swift in Sources */,
				834C799424672CBD00A70C14 /* StatisticVC.swift in Sources */,
				839F131124633A4000354A7B /* AppDelegate.swift in Sources */,
				838F1BA92466BC43006A12D8 /* UIAplicationExtensions.swift in Sources */,
				839F13742465A3C700354A7B /* CollectionViewCell.swift in Sources */,
				839F13892465C53500354A7B /* GameVC.swift in Sources */,
				839F131324633A4000354A7B /* SceneDelegate.swift in Sources */,
				839F136A2464858D00354A7B /* CategoryCD+CoreDataProperties.swift in Sources */,
				839F135C246476CF00354A7B /* Word.swift in Sources */,
				838F1BA12465DB95006A12D8 /* StringExtensions.swift in Sources */,
			);
			runOnlyForDeploymentPostprocessing = 0;
		};
/* End PBXSourcesBuildPhase section */

/* Begin PBXVariantGroup section */
		839F131624633A4000354A7B /* Main.storyboard */ = {
			isa = PBXVariantGroup;
			children = (
				839F131724633A4000354A7B /* Base */,
			);
			name = Main.storyboard;
			sourceTree = "<group>";
		};
		839F131B24633A4200354A7B /* LaunchScreen.storyboard */ = {
			isa = PBXVariantGroup;
			children = (
				839F131C24633A4200354A7B /* Base */,
			);
			name = LaunchScreen.storyboard;
			sourceTree = "<group>";
		};
		839F13762465A95800354A7B /* OnePlayer.storyboard */ = {
			isa = PBXVariantGroup;
			children = (
				839F13772465A95800354A7B /* Base */,
			);
			name = OnePlayer.storyboard;
			sourceTree = "<group>";
		};
/* End PBXVariantGroup section */

/* Begin XCBuildConfiguration section */
		839F131F24633A4200354A7B /* Debug */ = {
			isa = XCBuildConfiguration;
			buildSettings = {
				ALWAYS_SEARCH_USER_PATHS = NO;
				CLANG_ANALYZER_NONNULL = YES;
				CLANG_ANALYZER_NUMBER_OBJECT_CONVERSION = YES_AGGRESSIVE;
				CLANG_CXX_LANGUAGE_STANDARD = "gnu++14";
				CLANG_CXX_LIBRARY = "libc++";
				CLANG_ENABLE_MODULES = YES;
				CLANG_ENABLE_OBJC_ARC = YES;
				CLANG_ENABLE_OBJC_WEAK = YES;
				CLANG_WARN_BLOCK_CAPTURE_AUTORELEASING = YES;
				CLANG_WARN_BOOL_CONVERSION = YES;
				CLANG_WARN_COMMA = YES;
				CLANG_WARN_CONSTANT_CONVERSION = YES;
				CLANG_WARN_DEPRECATED_OBJC_IMPLEMENTATIONS = YES;
				CLANG_WARN_DIRECT_OBJC_ISA_USAGE = YES_ERROR;
				CLANG_WARN_DOCUMENTATION_COMMENTS = YES;
				CLANG_WARN_EMPTY_BODY = YES;
				CLANG_WARN_ENUM_CONVERSION = YES;
				CLANG_WARN_INFINITE_RECURSION = YES;
				CLANG_WARN_INT_CONVERSION = YES;
				CLANG_WARN_NON_LITERAL_NULL_CONVERSION = YES;
				CLANG_WARN_OBJC_IMPLICIT_RETAIN_SELF = YES;
				CLANG_WARN_OBJC_LITERAL_CONVERSION = YES;
				CLANG_WARN_OBJC_ROOT_CLASS = YES_ERROR;
				CLANG_WARN_RANGE_LOOP_ANALYSIS = YES;
				CLANG_WARN_STRICT_PROTOTYPES = YES;
				CLANG_WARN_SUSPICIOUS_MOVE = YES;
				CLANG_WARN_UNGUARDED_AVAILABILITY = YES_AGGRESSIVE;
				CLANG_WARN_UNREACHABLE_CODE = YES;
				CLANG_WARN__DUPLICATE_METHOD_MATCH = YES;
				COPY_PHASE_STRIP = NO;
				DEBUG_INFORMATION_FORMAT = dwarf;
				ENABLE_STRICT_OBJC_MSGSEND = YES;
				ENABLE_TESTABILITY = YES;
				GCC_C_LANGUAGE_STANDARD = gnu11;
				GCC_DYNAMIC_NO_PIC = NO;
				GCC_NO_COMMON_BLOCKS = YES;
				GCC_OPTIMIZATION_LEVEL = 0;
				GCC_PREPROCESSOR_DEFINITIONS = (
					"DEBUG=1",
					"$(inherited)",
				);
				GCC_WARN_64_TO_32_BIT_CONVERSION = YES;
				GCC_WARN_ABOUT_RETURN_TYPE = YES_ERROR;
				GCC_WARN_UNDECLARED_SELECTOR = YES;
				GCC_WARN_UNINITIALIZED_AUTOS = YES_AGGRESSIVE;
				GCC_WARN_UNUSED_FUNCTION = YES;
				GCC_WARN_UNUSED_VARIABLE = YES;
				IPHONEOS_DEPLOYMENT_TARGET = 13.4;
				MTL_ENABLE_DEBUG_INFO = INCLUDE_SOURCE;
				MTL_FAST_MATH = YES;
				ONLY_ACTIVE_ARCH = YES;
				SDKROOT = iphoneos;
				SWIFT_ACTIVE_COMPILATION_CONDITIONS = DEBUG;
				SWIFT_OPTIMIZATION_LEVEL = "-Onone";
			};
			name = Debug;
		};
		839F132024633A4200354A7B /* Release */ = {
			isa = XCBuildConfiguration;
			buildSettings = {
				ALWAYS_SEARCH_USER_PATHS = NO;
				CLANG_ANALYZER_NONNULL = YES;
				CLANG_ANALYZER_NUMBER_OBJECT_CONVERSION = YES_AGGRESSIVE;
				CLANG_CXX_LANGUAGE_STANDARD = "gnu++14";
				CLANG_CXX_LIBRARY = "libc++";
				CLANG_ENABLE_MODULES = YES;
				CLANG_ENABLE_OBJC_ARC = YES;
				CLANG_ENABLE_OBJC_WEAK = YES;
				CLANG_WARN_BLOCK_CAPTURE_AUTORELEASING = YES;
				CLANG_WARN_BOOL_CONVERSION = YES;
				CLANG_WARN_COMMA = YES;
				CLANG_WARN_CONSTANT_CONVERSION = YES;
				CLANG_WARN_DEPRECATED_OBJC_IMPLEMENTATIONS = YES;
				CLANG_WARN_DIRECT_OBJC_ISA_USAGE = YES_ERROR;
				CLANG_WARN_DOCUMENTATION_COMMENTS = YES;
				CLANG_WARN_EMPTY_BODY = YES;
				CLANG_WARN_ENUM_CONVERSION = YES;
				CLANG_WARN_INFINITE_RECURSION = YES;
				CLANG_WARN_INT_CONVERSION = YES;
				CLANG_WARN_NON_LITERAL_NULL_CONVERSION = YES;
				CLANG_WARN_OBJC_IMPLICIT_RETAIN_SELF = YES;
				CLANG_WARN_OBJC_LITERAL_CONVERSION = YES;
				CLANG_WARN_OBJC_ROOT_CLASS = YES_ERROR;
				CLANG_WARN_RANGE_LOOP_ANALYSIS = YES;
				CLANG_WARN_STRICT_PROTOTYPES = YES;
				CLANG_WARN_SUSPICIOUS_MOVE = YES;
				CLANG_WARN_UNGUARDED_AVAILABILITY = YES_AGGRESSIVE;
				CLANG_WARN_UNREACHABLE_CODE = YES;
				CLANG_WARN__DUPLICATE_METHOD_MATCH = YES;
				COPY_PHASE_STRIP = NO;
				DEBUG_INFORMATION_FORMAT = "dwarf-with-dsym";
				ENABLE_NS_ASSERTIONS = NO;
				ENABLE_STRICT_OBJC_MSGSEND = YES;
				GCC_C_LANGUAGE_STANDARD = gnu11;
				GCC_NO_COMMON_BLOCKS = YES;
				GCC_WARN_64_TO_32_BIT_CONVERSION = YES;
				GCC_WARN_ABOUT_RETURN_TYPE = YES_ERROR;
				GCC_WARN_UNDECLARED_SELECTOR = YES;
				GCC_WARN_UNINITIALIZED_AUTOS = YES_AGGRESSIVE;
				GCC_WARN_UNUSED_FUNCTION = YES;
				GCC_WARN_UNUSED_VARIABLE = YES;
				IPHONEOS_DEPLOYMENT_TARGET = 13.4;
				MTL_ENABLE_DEBUG_INFO = NO;
				MTL_FAST_MATH = YES;
				SDKROOT = iphoneos;
				SWIFT_COMPILATION_MODE = wholemodule;
				SWIFT_OPTIMIZATION_LEVEL = "-O";
				VALIDATE_PRODUCT = YES;
			};
			name = Release;
		};
		839F132224633A4200354A7B /* Debug */ = {
			isa = XCBuildConfiguration;
			buildSettings = {
				ASSETCATALOG_COMPILER_APPICON_NAME = AppIcon;
				CODE_SIGN_STYLE = Automatic;
				DEVELOPMENT_TEAM = C7J2BZ7AMP;
				INFOPLIST_FILE = Hangman/Resources/Info.plist;
				LD_RUNPATH_SEARCH_PATHS = (
					"$(inherited)",
					"@executable_path/Frameworks",
				);
				PRODUCT_BUNDLE_IDENTIFIER = VelkioS.Hangman;
				PRODUCT_NAME = "$(TARGET_NAME)";
				SWIFT_VERSION = 5.0;
				TARGETED_DEVICE_FAMILY = "1,2";
			};
			name = Debug;
		};
		839F132324633A4200354A7B /* Release */ = {
			isa = XCBuildConfiguration;
			buildSettings = {
				ASSETCATALOG_COMPILER_APPICON_NAME = AppIcon;
				CODE_SIGN_STYLE = Automatic;
				DEVELOPMENT_TEAM = C7J2BZ7AMP;
				INFOPLIST_FILE = Hangman/Resources/Info.plist;
				LD_RUNPATH_SEARCH_PATHS = (
					"$(inherited)",
					"@executable_path/Frameworks",
				);
				PRODUCT_BUNDLE_IDENTIFIER = VelkioS.Hangman;
				PRODUCT_NAME = "$(TARGET_NAME)";
				SWIFT_VERSION = 5.0;
				TARGETED_DEVICE_FAMILY = "1,2";
			};
			name = Release;
		};
/* End XCBuildConfiguration section */

/* Begin XCConfigurationList section */
		839F130824633A4000354A7B /* Build configuration list for PBXProject "Hangman" */ = {
			isa = XCConfigurationList;
			buildConfigurations = (
				839F131F24633A4200354A7B /* Debug */,
				839F132024633A4200354A7B /* Release */,
			);
			defaultConfigurationIsVisible = 0;
			defaultConfigurationName = Release;
		};
		839F132124633A4200354A7B /* Build configuration list for PBXNativeTarget "Hangman" */ = {
			isa = XCConfigurationList;
			buildConfigurations = (
				839F132224633A4200354A7B /* Debug */,
				839F132324633A4200354A7B /* Release */,
			);
			defaultConfigurationIsVisible = 0;
			defaultConfigurationName = Release;
		};
/* End XCConfigurationList section */

/* Begin XCVersionGroup section */
		839F135D24647A2A00354A7B /* Hangman.xcdatamodeld */ = {
			isa = XCVersionGroup;
			children = (
				839F135E24647A2A00354A7B /* Hangman.xcdatamodel */,
			);
			currentVersion = 839F135E24647A2A00354A7B /* Hangman.xcdatamodel */;
			path = Hangman.xcdatamodeld;
			sourceTree = "<group>";
			versionGroupType = wrapper.xcdatamodel;
		};
/* End XCVersionGroup section */
	};
	rootObject = 839F130524633A4000354A7B /* Project object */;
}
